
Microsoft Visual Studio Solution File, Format Version 12.00
# Visual Studio Version 17
VisualStudioVersion = 17.9.34902.65
MinimumVisualStudioVersion = 10.0.40219.1
Project("{2150E333-8FDC-42A3-9474-1A3956D46DE8}") = "1 - Service", "1 - Service", "{C3B7CE89-97D9-4D1A-B3CC-C01F09B9046C}"
EndProject
Project("{2150E333-8FDC-42A3-9474-1A3956D46DE8}") = "2 - Application", "2 - Application", "{D9817942-DE0C-4568-A7C6-9BD62C7DAB54}"
EndProject
Project("{2150E333-8FDC-42A3-9474-1A3956D46DE8}") = "3 - Core", "3 - Core", "{C5852E08-D0C2-4C72-9811-F6D61F0A18F1}"
EndProject
Project("{2150E333-8FDC-42A3-9474-1A3956D46DE8}") = "4 - Infrastructure", "4 - Infrastructure", "{49F6B2F8-4182-48DA-A8E8-B3886B91611C}"
EndProject
Project("{9A19103F-16F7-4668-BE54-9A1E7A4F7556}") = "MyAccountApp.Api", "Src\my-acount-app.Api\MyAccountApp.Api.csproj", "{BC33422A-E7BF-41F9-948B-B427D4E67EC8}"
EndProject
Project("{9A19103F-16F7-4668-BE54-9A1E7A4F7556}") = "MyAccountApp.Application", "Src\my-acount-app.Application\MyAccountApp.Application.csproj", "{9CF259A6-0E68-40AF-A647-9A8B64AD29DC}"
EndProject
Project("{9A19103F-16F7-4668-BE54-9A1E7A4F7556}") = "MyAccountApp.Core", "Src\my-acount-app.Core\MyAccountApp.Core.csproj", "{E6542210-7D67-4296-85F7-A790FB07612A}"
EndProject
Project("{9A19103F-16F7-4668-BE54-9A1E7A4F7556}") = "MyAccountApp.Infrastructure", "Src\my-acount-app.Infrastructure\MyAccountApp.Infrastructure.csproj", "{9EE1E9BA-2374-493A-8BC8-F22090BF306E}"
EndProject
Global
	GlobalSection(SolutionConfigurationPlatforms) = preSolution
		Debug|Any CPU = Debug|Any CPU
		Release|Any CPU = Release|Any CPU
	EndGlobalSection
	GlobalSection(ProjectConfigurationPlatforms) = postSolution
		{BC33422A-E7BF-41F9-948B-B427D4E67EC8}.Debug|Any CPU.ActiveCfg = Debug|Any CPU
		{BC33422A-E7BF-41F9-948B-B427D4E67EC8}.Debug|Any CPU.Build.0 = Debug|Any CPU
		{BC33422A-E7BF-41F9-948B-B427D4E67EC8}.Release|Any CPU.ActiveCfg = Release|Any CPU
		{BC33422A-E7BF-41F9-948B-B427D4E67EC8}.Release|Any CPU.Build.0 = Release|Any CPU
		{9CF259A6-0E68-40AF-A647-9A8B64AD29DC}.Debug|Any CPU.ActiveCfg = Debug|Any CPU
		{9CF259A6-0E68-40AF-A647-9A8B64AD29DC}.Debug|Any CPU.Build.0 = Debug|Any CPU
		{9CF259A6-0E68-40AF-A647-9A8B64AD29DC}.Release|Any CPU.ActiveCfg = Release|Any CPU
		{9CF259A6-0E68-40AF-A647-9A8B64AD29DC}.Release|Any CPU.Build.0 = Release|Any CPU
		{E6542210-7D67-4296-85F7-A790FB07612A}.Debug|Any CPU.ActiveCfg = Debug|Any CPU
		{E6542210-7D67-4296-85F7-A790FB07612A}.Debug|Any CPU.Build.0 = Debug|Any CPU
		{E6542210-7D67-4296-85F7-A790FB07612A}.Release|Any CPU.ActiveCfg = Release|Any CPU
		{E6542210-7D67-4296-85F7-A790FB07612A}.Release|Any CPU.Build.0 = Release|Any CPU
		{9EE1E9BA-2374-493A-8BC8-F22090BF306E}.Debug|Any CPU.ActiveCfg = Debug|Any CPU
		{9EE1E9BA-2374-493A-8BC8-F22090BF306E}.Debug|Any CPU.Build.0 = Debug|Any CPU
		{9EE1E9BA-2374-493A-8BC8-F22090BF306E}.Release|Any CPU.ActiveCfg = Release|Any CPU
		{9EE1E9BA-2374-493A-8BC8-F22090BF306E}.Release|Any CPU.Build.0 = Release|Any CPU
	EndGlobalSection
	GlobalSection(SolutionProperties) = preSolution
		HideSolutionNode = FALSE
	EndGlobalSection
	GlobalSection(NestedProjects) = preSolution
		{BC33422A-E7BF-41F9-948B-B427D4E67EC8} = {C3B7CE89-97D9-4D1A-B3CC-C01F09B9046C}
		{9CF259A6-0E68-40AF-A647-9A8B64AD29DC} = {D9817942-DE0C-4568-A7C6-9BD62C7DAB54}
		{E6542210-7D67-4296-85F7-A790FB07612A} = {C5852E08-D0C2-4C72-9811-F6D61F0A18F1}
		{9EE1E9BA-2374-493A-8BC8-F22090BF306E} = {49F6B2F8-4182-48DA-A8E8-B3886B91611C}
	EndGlobalSection
	GlobalSection(ExtensibilityGlobals) = postSolution
		SolutionGuid = {B7AD6ACE-BD4B-4393-BD40-C39A0EFFAF99}
	EndGlobalSection
EndGlobal
